{
  "nodes": {
    "flake-utils": {
      "locked": {
        "lastModified": 1667395993,
        "narHash": "sha256-nuEHfE/LcWyuSWnS8t12N1wc105Qtau+/OdUAjtQ0rA=",
        "owner": "numtide",
        "repo": "flake-utils",
        "rev": "5aed5285a952e0b949eb3ba02c12fa4fcfef535f",
        "type": "github"
      },
      "original": {
        "owner": "numtide",
        "repo": "flake-utils",
        "type": "github"
      }
    },
    "nixpkgs": {
      "locked": {
        "lastModified": 1674958881,
        "narHash": "sha256-p1E20TGSgzs+EUhRPMe6fyZIxUV6CbcwilZEzy+XmAk=",
        "owner": "NixOS",
        "repo": "nixpkgs",
        "rev": "a0feb36dc510bfa8f8809980a8230617fb9eb618",
        "type": "github"
      },
      "original": {
        "id": "nixpkgs",
        "ref": "nixpkgs-unstable",
        "type": "indirect"
      }
    },
    "root": {
      "inputs": {
        "flake-utils": "flake-utils",
        "nixpkgs": "nixpkgs",
        "rust-overlay": "rust-overlay"
      }
    },
    "rust-overlay": {
      "inputs": {
        "flake-utils": [
          "flake-utils"
        ],
        "nixpkgs": [
          "nixpkgs"
        ]
      },
      "locked": {
        "lastModified": 1674959389,
        "narHash": "sha256-N0kc+CE9Vy7Mj8Z/cLHx59gL+ZnkmylYH0BQEWz3TZU=",
        "owner": "oxalica",
        "repo": "rust-overlay",
        "rev": "edd082ca16aa055d5504bea39da36b3ee68e4f1d",
        "type": "github"
      },
      "original": {
        "owner": "oxalica",
        "repo": "rust-overlay",
        "type": "github"
      }
    }
  },
  "root": "root",
  "version": 7
}
