{
  "nodes": {
    "fenix": {
      "inputs": {
        "nixpkgs": "nixpkgs",
        "rust-analyzer-src": "rust-analyzer-src"
      },
      "locked": {
        "lastModified": 1669357571,
        "narHash": "sha256-jKMZjewUOD6s71xP8zaTZ/oB3dtHM2D/cLgHoNQ9s80=",
        "owner": "nix-community",
        "repo": "fenix",
        "rev": "0d4b86633d6c5438a7b97d485f02e7e18101a541",
        "type": "github"
      },
      "original": {
        "id": "fenix",
        "type": "indirect"
      }
    },
    "flake-utils": {
      "locked": {
        "lastModified": 1667395993,
        "narHash": "sha256-nuEHfE/LcWyuSWnS8t12N1wc105Qtau+/OdUAjtQ0rA=",
        "owner": "numtide",
        "repo": "flake-utils",
        "rev": "5aed5285a952e0b949eb3ba02c12fa4fcfef535f",
        "type": "github"
      },
      "original": {
        "owner": "numtide",
        "repo": "flake-utils",
        "type": "github"
      }
    },
    "flake-utils_2": {
      "locked": {
        "lastModified": 1667395993,
        "narHash": "sha256-nuEHfE/LcWyuSWnS8t12N1wc105Qtau+/OdUAjtQ0rA=",
        "owner": "numtide",
        "repo": "flake-utils",
        "rev": "5aed5285a952e0b949eb3ba02c12fa4fcfef535f",
        "type": "github"
      },
      "original": {
        "owner": "numtide",
        "repo": "flake-utils",
        "type": "github"
      }
    },
    "nixpkgs": {
      "locked": {
        "lastModified": 1669320964,
        "narHash": "sha256-EBFw+ge12Pcr3qCk8If3/eMBAoQLR7ytndXZoRevUtM=",
        "owner": "nixos",
        "repo": "nixpkgs",
        "rev": "27ccd29078f974ddbdd7edc8e38c8c8ae003c877",
        "type": "github"
      },
      "original": {
        "owner": "nixos",
        "ref": "nixos-unstable",
        "repo": "nixpkgs",
        "type": "github"
      }
    },
    "nixpkgs-cross-overlay": {
      "inputs": {
        "flake-utils": "flake-utils_2",
        "nixpkgs": [
          "nixpkgs"
        ]
      },
      "locked": {
        "lastModified": 0,
        "narHash": "sha256-HU8YlWZwBa3Ixeokk3aqfQcr6eSXaMrXWTUxFjcRwmM=",
        "path": "./../..",
        "type": "path"
      },
      "original": {
        "path": "./../..",
        "type": "path"
      }
    },
    "nixpkgs_2": {
      "locked": {
        "lastModified": 1669261230,
        "narHash": "sha256-AjddxRPd5y5jge77281P3O8+Cnafj842Xg59rwV4x+0=",
        "owner": "NixOS",
        "repo": "nixpkgs",
        "rev": "8e8b5f3b1e899bf5d250279578c0283705b8cdb4",
        "type": "github"
      },
      "original": {
        "id": "nixpkgs",
        "ref": "nixpkgs-unstable",
        "type": "indirect"
      }
    },
    "root": {
      "inputs": {
        "fenix": "fenix",
        "flake-utils": "flake-utils",
        "nixpkgs": "nixpkgs_2",
        "nixpkgs-cross-overlay": "nixpkgs-cross-overlay"
      }
    },
    "rust-analyzer-src": {
      "flake": false,
      "locked": {
        "lastModified": 1669325252,
        "narHash": "sha256-c4cqmy1lrPRC/Uwf+Sim4xxptVk7fH/STHeqe9BKOVU=",
        "owner": "rust-lang",
        "repo": "rust-analyzer",
        "rev": "1e6a49a801708a8bcbe429ce03f614a7951bdb11",
        "type": "github"
      },
      "original": {
        "owner": "rust-lang",
        "ref": "nightly",
        "repo": "rust-analyzer",
        "type": "github"
      }
    }
  },
  "root": "root",
  "version": 7
}
